// !$*UTF8*$!
{
	archiveVersion = 1;
	classes = {
	};
	objectVersion = 46;
	objects = {

/* Begin PBXBuildFile section */
		18F590E71EB36DA600A7548A /* AppDelegate.swift in Sources */ = {isa = PBXBuildFile; fileRef = 18F590E61EB36DA600A7548A /* AppDelegate.swift */; };
		18F590E91EB36DA600A7548A /* ViewController.swift in Sources */ = {isa = PBXBuildFile; fileRef = 18F590E81EB36DA600A7548A /* ViewController.swift */; };
		18F590EC1EB36DA600A7548A /* Main.storyboard in Resources */ = {isa = PBXBuildFile; fileRef = 18F590EA1EB36DA600A7548A /* Main.storyboard */; };
		18F590EE1EB36DA600A7548A /* Assets.xcassets in Resources */ = {isa = PBXBuildFile; fileRef = 18F590ED1EB36DA600A7548A /* Assets.xcassets */; };
		18F590F11EB36DA700A7548A /* LaunchScreen.storyboard in Resources */ = {isa = PBXBuildFile; fileRef = 18F590EF1EB36DA700A7548A /* LaunchScreen.storyboard */; };
		18F590FC1EB36DA800A7548A /* EarlGreyExampleTests.swift in Sources */ = {isa = PBXBuildFile; fileRef = 18F590FB1EB36DA800A7548A /* EarlGreyExampleTests.swift */; };
		18F591071EB36DA800A7548A /* EarlGreyExampleUITests.swift in Sources */ = {isa = PBXBuildFile; fileRef = 18F591061EB36DA800A7548A /* EarlGreyExampleUITests.swift */; };
		A3349766B31384578A1527FF /* Pods_EarlGreyExample.framework in Frameworks */ = {isa = PBXBuildFile; fileRef = 628350409C6ADBE6503D93B2 /* Pods_EarlGreyExample.framework */; };
/* End PBXBuildFile section */

/* Begin PBXContainerItemProxy section */
		18F590F81EB36DA800A7548A /* PBXContainerItemProxy */ = {
			isa = PBXContainerItemProxy;
			containerPortal = 18F590DB1EB36DA500A7548A /* Project object */;
			proxyType = 1;
			remoteGlobalIDString = 18F590E21EB36DA600A7548A;
			remoteInfo = EarlGreyExample;
		};
		18F591031EB36DA800A7548A /* PBXContainerItemProxy */ = {
			isa = PBXContainerItemProxy;
			containerPortal = 18F590DB1EB36DA500A7548A /* Project object */;
			proxyType = 1;
			remoteGlobalIDString = 18F590E21EB36DA600A7548A;
			remoteInfo = EarlGreyExample;
		};
/* End PBXContainerItemProxy section */

/* Begin PBXFileReference section */
		18F590E31EB36DA600A7548A /* EarlGreyExample.app */ = {isa = PBXFileReference; explicitFileType = wrapper.application; includeInIndex = 0; path = EarlGreyExample.app; sourceTree = BUILT_PRODUCTS_DIR; };
		18F590E61EB36DA600A7548A /* AppDelegate.swift */ = {isa = PBXFileReference; lastKnownFileType = sourcecode.swift; path = AppDelegate.swift; sourceTree = "<group>"; };
		18F590E81EB36DA600A7548A /* ViewController.swift */ = {isa = PBXFileReference; lastKnownFileType = sourcecode.swift; path = ViewController.swift; sourceTree = "<group>"; };
		18F590EB1EB36DA600A7548A /* Base */ = {isa = PBXFileReference; lastKnownFileType = file.storyboard; name = Base; path = Base.lproj/Main.storyboard; sourceTree = "<group>"; };
		18F590ED1EB36DA600A7548A /* Assets.xcassets */ = {isa = PBXFileReference; lastKnownFileType = folder.assetcatalog; path = Assets.xcassets; sourceTree = "<group>"; };
		18F590F01EB36DA700A7548A /* Base */ = {isa = PBXFileReference; lastKnownFileType = file.storyboard; name = Base; path = Base.lproj/LaunchScreen.storyboard; sourceTree = "<group>"; };
		18F590F21EB36DA700A7548A /* Info.plist */ = {isa = PBXFileReference; lastKnownFileType = text.plist.xml; path = Info.plist; sourceTree = "<group>"; };
		18F590F71EB36DA800A7548A /* EarlGreyExampleTests.xctest */ = {isa = PBXFileReference; explicitFileType = wrapper.cfbundle; includeInIndex = 0; path = EarlGreyExampleTests.xctest; sourceTree = BUILT_PRODUCTS_DIR; };
		18F590FB1EB36DA800A7548A /* EarlGreyExampleTests.swift */ = {isa = PBXFileReference; lastKnownFileType = sourcecode.swift; path = EarlGreyExampleTests.swift; sourceTree = "<group>"; };
		18F590FD1EB36DA800A7548A /* Info.plist */ = {isa = PBXFileReference; lastKnownFileType = text.plist.xml; path = Info.plist; sourceTree = "<group>"; };
		18F591021EB36DA800A7548A /* EarlGreyExampleUITests.xctest */ = {isa = PBXFileReference; explicitFileType = wrapper.cfbundle; includeInIndex = 0; path = EarlGreyExampleUITests.xctest; sourceTree = BUILT_PRODUCTS_DIR; };
		18F591061EB36DA800A7548A /* EarlGreyExampleUITests.swift */ = {isa = PBXFileReference; lastKnownFileType = sourcecode.swift; path = EarlGreyExampleUITests.swift; sourceTree = "<group>"; };
		18F591081EB36DA800A7548A /* Info.plist */ = {isa = PBXFileReference; lastKnownFileType = text.plist.xml; path = Info.plist; sourceTree = "<group>"; };
		18F591141EB371EB00A7548A /* Objective-Bridging-Header.h */ = {isa = PBXFileReference; fileEncoding = 4; lastKnownFileType = sourcecode.c.h; path = "Objective-Bridging-Header.h"; sourceTree = "<group>"; };
		628350409C6ADBE6503D93B2 /* Pods_EarlGreyExample.framework */ = {isa = PBXFileReference; explicitFileType = wrapper.framework; includeInIndex = 0; path = Pods_EarlGreyExample.framework; sourceTree = BUILT_PRODUCTS_DIR; };
		9CFBBB9077EF543F4CEDF384 /* Pods-EarlGreyExample.release.xcconfig */ = {isa = PBXFileReference; includeInIndex = 1; lastKnownFileType = text.xcconfig; name = "Pods-EarlGreyExample.release.xcconfig"; path = "Pods/Target Support Files/Pods-EarlGreyExample/Pods-EarlGreyExample.release.xcconfig"; sourceTree = "<group>"; };
		B40A71133EE05C9EBDBCD456 /* Pods-EarlGreyExample.debug.xcconfig */ = {isa = PBXFileReference; includeInIndex = 1; lastKnownFileType = text.xcconfig; name = "Pods-EarlGreyExample.debug.xcconfig"; path = "Pods/Target Support Files/Pods-EarlGreyExample/Pods-EarlGreyExample.debug.xcconfig"; sourceTree = "<group>"; };
/* End PBXFileReference section */

/* Begin PBXFrameworksBuildPhase section */
		18F590E01EB36DA600A7548A /* Frameworks */ = {
			isa = PBXFrameworksBuildPhase;
			buildActionMask = 2147483647;
			files = (
				A3349766B31384578A1527FF /* Pods_EarlGreyExample.framework in Frameworks */,
			);
			runOnlyForDeploymentPostprocessing = 0;
		};
		18F590F41EB36DA800A7548A /* Frameworks */ = {
			isa = PBXFrameworksBuildPhase;
			buildActionMask = 2147483647;
			files = (
			);
			runOnlyForDeploymentPostprocessing = 0;
		};
		18F590FF1EB36DA800A7548A /* Frameworks */ = {
			isa = PBXFrameworksBuildPhase;
			buildActionMask = 2147483647;
			files = (
			);
			runOnlyForDeploymentPostprocessing = 0;
		};
/* End PBXFrameworksBuildPhase section */

/* Begin PBXGroup section */
		18F590DA1EB36DA500A7548A = {
			isa = PBXGroup;
			children = (
				18F590E51EB36DA600A7548A /* EarlGreyExample */,
				18F590FA1EB36DA800A7548A /* EarlGreyExampleTests */,
				18F591051EB36DA800A7548A /* EarlGreyExampleUITests */,
				18F590E41EB36DA600A7548A /* Products */,
				FB3E45B19EC2FD1C28402ECD /* Pods */,
				621B231CA0194A488013722C /* Frameworks */,
			);
			sourceTree = "<group>";
		};
		18F590E41EB36DA600A7548A /* Products */ = {
			isa = PBXGroup;
			children = (
				18F590E31EB36DA600A7548A /* EarlGreyExample.app */,
				18F590F71EB36DA800A7548A /* EarlGreyExampleTests.xctest */,
				18F591021EB36DA800A7548A /* EarlGreyExampleUITests.xctest */,
			);
			name = Products;
			sourceTree = "<group>";
		};
		18F590E51EB36DA600A7548A /* EarlGreyExample */ = {
			isa = PBXGroup;
			children = (
				18F591141EB371EB00A7548A /* Objective-Bridging-Header.h */,
				18F590E61EB36DA600A7548A /* AppDelegate.swift */,
				18F590E81EB36DA600A7548A /* ViewController.swift */,
				18F590EA1EB36DA600A7548A /* Main.storyboard */,
				18F590ED1EB36DA600A7548A /* Assets.xcassets */,
				18F590EF1EB36DA700A7548A /* LaunchScreen.storyboard */,
				18F590F21EB36DA700A7548A /* Info.plist */,
			);
			path = EarlGreyExample;
			sourceTree = "<group>";
		};
		18F590FA1EB36DA800A7548A /* EarlGreyExampleTests */ = {
			isa = PBXGroup;
			children = (
				18F590FB1EB36DA800A7548A /* EarlGreyExampleTests.swift */,
				18F590FD1EB36DA800A7548A /* Info.plist */,
			);
			path = EarlGreyExampleTests;
			sourceTree = "<group>";
		};
		18F591051EB36DA800A7548A /* EarlGreyExampleUITests */ = {
			isa = PBXGroup;
			children = (
				18F591061EB36DA800A7548A /* EarlGreyExampleUITests.swift */,
				18F591081EB36DA800A7548A /* Info.plist */,
			);
			path = EarlGreyExampleUITests;
			sourceTree = "<group>";
		};
		621B231CA0194A488013722C /* Frameworks */ = {
			isa = PBXGroup;
			children = (
				628350409C6ADBE6503D93B2 /* Pods_EarlGreyExample.framework */,
			);
			name = Frameworks;
			sourceTree = "<group>";
		};
		FB3E45B19EC2FD1C28402ECD /* Pods */ = {
			isa = PBXGroup;
			children = (
				B40A71133EE05C9EBDBCD456 /* Pods-EarlGreyExample.debug.xcconfig */,
				9CFBBB9077EF543F4CEDF384 /* Pods-EarlGreyExample.release.xcconfig */,
			);
			name = Pods;
			sourceTree = "<group>";
		};
/* End PBXGroup section */

/* Begin PBXNativeTarget section */
		18F590E21EB36DA600A7548A /* EarlGreyExample */ = {
			isa = PBXNativeTarget;
			buildConfigurationList = 18F5910B1EB36DA800A7548A /* Build configuration list for PBXNativeTarget "EarlGreyExample" */;
			buildPhases = (
				79714C4E316F892400DBE3B9 /* [CP] Check Pods Manifest.lock */,
				18F590DF1EB36DA600A7548A /* Sources */,
				18F590E01EB36DA600A7548A /* Frameworks */,
				18F590E11EB36DA600A7548A /* Resources */,
				5D7E3CAA84478F3D320A7222 /* [CP] Embed Pods Frameworks */,
				A7F5835E3826C9067F19EC43 /* [CP] Copy Pods Resources */,
			);
			buildRules = (
			);
			dependencies = (
			);
			name = EarlGreyExample;
			productName = EarlGreyExample;
			productReference = 18F590E31EB36DA600A7548A /* EarlGreyExample.app */;
			productType = "com.apple.product-type.application";
		};
		18F590F61EB36DA800A7548A /* EarlGreyExampleTests */ = {
			isa = PBXNativeTarget;
			buildConfigurationList = 18F5910E1EB36DA800A7548A /* Build configuration list for PBXNativeTarget "EarlGreyExampleTests" */;
			buildPhases = (
				18F590F31EB36DA800A7548A /* Sources */,
				18F590F41EB36DA800A7548A /* Frameworks */,
				18F590F51EB36DA800A7548A /* Resources */,
			);
			buildRules = (
			);
			dependencies = (
				18F590F91EB36DA800A7548A /* PBXTargetDependency */,
			);
			name = EarlGreyExampleTests;
			productName = EarlGreyExampleTests;
			productReference = 18F590F71EB36DA800A7548A /* EarlGreyExampleTests.xctest */;
			productType = "com.apple.product-type.bundle.unit-test";
		};
		18F591011EB36DA800A7548A /* EarlGreyExampleUITests */ = {
			isa = PBXNativeTarget;
			buildConfigurationList = 18F591111EB36DA800A7548A /* Build configuration list for PBXNativeTarget "EarlGreyExampleUITests" */;
			buildPhases = (
				18F590FE1EB36DA800A7548A /* Sources */,
				18F590FF1EB36DA800A7548A /* Frameworks */,
				18F591001EB36DA800A7548A /* Resources */,
			);
			buildRules = (
			);
			dependencies = (
				18F591041EB36DA800A7548A /* PBXTargetDependency */,
			);
			name = EarlGreyExampleUITests;
			productName = EarlGreyExampleUITests;
			productReference = 18F591021EB36DA800A7548A /* EarlGreyExampleUITests.xctest */;
			productType = "com.apple.product-type.bundle.ui-testing";
		};
/* End PBXNativeTarget section */

/* Begin PBXProject section */
		18F590DB1EB36DA500A7548A /* Project object */ = {
			isa = PBXProject;
			attributes = {
				LastSwiftUpdateCheck = 0820;
				LastUpgradeCheck = 0820;
				ORGANIZATIONNAME = apple;
				TargetAttributes = {
					18F590E21EB36DA600A7548A = {
						CreatedOnToolsVersion = 8.2.1;
						ProvisioningStyle = Automatic;
					};
					18F590F61EB36DA800A7548A = {
						CreatedOnToolsVersion = 8.2.1;
						ProvisioningStyle = Automatic;
						TestTargetID = 18F590E21EB36DA600A7548A;
					};
					18F591011EB36DA800A7548A = {
						CreatedOnToolsVersion = 8.2.1;
						ProvisioningStyle = Automatic;
						TestTargetID = 18F590E21EB36DA600A7548A;
					};
				};
			};
			buildConfigurationList = 18F590DE1EB36DA500A7548A /* Build configuration list for PBXProject "EarlGreyExample" */;
			compatibilityVersion = "Xcode 3.2";
			developmentRegion = English;
			hasScannedForEncodings = 0;
			knownRegions = (
				en,
				Base,
			);
			mainGroup = 18F590DA1EB36DA500A7548A;
			productRefGroup = 18F590E41EB36DA600A7548A /* Products */;
			projectDirPath = "";
			projectRoot = "";
			targets = (
				18F590E21EB36DA600A7548A /* EarlGreyExample */,
				18F590F61EB36DA800A7548A /* EarlGreyExampleTests */,
				18F591011EB36DA800A7548A /* EarlGreyExampleUITests */,
			);
		};
/* End PBXProject section */

/* Begin PBXResourcesBuildPhase section */
		18F590E11EB36DA600A7548A /* Resources */ = {
			isa = PBXResourcesBuildPhase;
			buildActionMask = 2147483647;
			files = (
				18F590F11EB36DA700A7548A /* LaunchScreen.storyboard in Resources */,
				18F590EE1EB36DA600A7548A /* Assets.xcassets in Resources */,
				18F590EC1EB36DA600A7548A /* Main.storyboard in Resources */,
			);
			runOnlyForDeploymentPostprocessing = 0;
		};
		18F590F51EB36DA800A7548A /* Resources */ = {
			isa = PBXResourcesBuildPhase;
			buildActionMask = 2147483647;
			files = (
			);
			runOnlyForDeploymentPostprocessing = 0;
		};
		18F591001EB36DA800A7548A /* Resources */ = {
			isa = PBXResourcesBuildPhase;
			buildActionMask = 2147483647;
			files = (
			);
			runOnlyForDeploymentPostprocessing = 0;
		};
/* End PBXResourcesBuildPhase section */

/* Begin PBXShellScriptBuildPhase section */
		5D7E3CAA84478F3D320A7222 /* [CP] Embed Pods Frameworks */ = {
			isa = PBXShellScriptBuildPhase;
			buildActionMask = 2147483647;
			files = (
			);
			inputPaths = (
			);
			name = "[CP] Embed Pods Frameworks";
			outputPaths = (
			);
			runOnlyForDeploymentPostprocessing = 0;
			shellPath = /bin/sh;
			shellScript = "\"${SRCROOT}/Pods/Target Support Files/Pods-EarlGreyExample/Pods-EarlGreyExample-frameworks.sh\"\n";
			showEnvVarsInLog = 0;
		};
		79714C4E316F892400DBE3B9 /* [CP] Check Pods Manifest.lock */ = {
			isa = PBXShellScriptBuildPhase;
			buildActionMask = 2147483647;
			files = (
			);
			inputPaths = (
			);
			name = "[CP] Check Pods Manifest.lock";
			outputPaths = (
			);
			runOnlyForDeploymentPostprocessing = 0;
			shellPath = /bin/sh;
			shellScript = "diff \"${PODS_ROOT}/../Podfile.lock\" \"${PODS_ROOT}/Manifest.lock\" > /dev/null\nif [ $? != 0 ] ; then\n    # print error to STDERR\n    echo \"error: The sandbox is not in sync with the Podfile.lock. Run 'pod install' or update your CocoaPods installation.\" >&2\n    exit 1\nfi\n";
			showEnvVarsInLog = 0;
		};
		A7F5835E3826C9067F19EC43 /* [CP] Copy Pods Resources */ = {
			isa = PBXShellScriptBuildPhase;
			buildActionMask = 2147483647;
			files = (
			);
			inputPaths = (
			);
			name = "[CP] Copy Pods Resources";
			outputPaths = (
			);
			runOnlyForDeploymentPostprocessing = 0;
			shellPath = /bin/sh;
			shellScript = "\"${SRCROOT}/Pods/Target Support Files/Pods-EarlGreyExample/Pods-EarlGreyExample-resources.sh\"\n";
			showEnvVarsInLog = 0;
		};
/* End PBXShellScriptBuildPhase section */

/* Begin PBXSourcesBuildPhase section */
		18F590DF1EB36DA600A7548A /* Sources */ = {
			isa = PBXSourcesBuildPhase;
			buildActionMask = 2147483647;
			files = (
				18F590E91EB36DA600A7548A /* ViewController.swift in Sources */,
				18F590E71EB36DA600A7548A /* AppDelegate.swift in Sources */,
			);
			runOnlyForDeploymentPostprocessing = 0;
		};
		18F590F31EB36DA800A7548A /* Sources */ = {
			isa = PBXSourcesBuildPhase;
			buildActionMask = 2147483647;
			files = (
				18F590FC1EB36DA800A7548A /* EarlGreyExampleTests.swift in Sources */,
			);
			runOnlyForDeploymentPostprocessing = 0;
		};
		18F590FE1EB36DA800A7548A /* Sources */ = {
			isa = PBXSourcesBuildPhase;
			buildActionMask = 2147483647;
			files = (
				18F591071EB36DA800A7548A /* EarlGreyExampleUITests.swift in Sources */,
			);
			runOnlyForDeploymentPostprocessing = 0;
		};
/* End PBXSourcesBuildPhase section */

/* Begin PBXTargetDependency section */
		18F590F91EB36DA800A7548A /* PBXTargetDependency */ = {
			isa = PBXTargetDependency;
			target = 18F590E21EB36DA600A7548A /* EarlGreyExample */;
			targetProxy = 18F590F81EB36DA800A7548A /* PBXContainerItemProxy */;
		};
		18F591041EB36DA800A7548A /* PBXTargetDependency */ = {
			isa = PBXTargetDependency;
			target = 18F590E21EB36DA600A7548A /* EarlGreyExample */;
			targetProxy = 18F591031EB36DA800A7548A /* PBXContainerItemProxy */;
		};
/* End PBXTargetDependency section */

/* Begin PBXVariantGroup section */
		18F590EA1EB36DA600A7548A /* Main.storyboard */ = {
			isa = PBXVariantGroup;
			children = (
				18F590EB1EB36DA600A7548A /* Base */,
			);
			name = Main.storyboard;
			sourceTree = "<group>";
		};
		18F590EF1EB36DA700A7548A /* LaunchScreen.storyboard */ = {
			isa = PBXVariantGroup;
			children = (
				18F590F01EB36DA700A7548A /* Base */,
			);
			name = LaunchScreen.storyboard;
			sourceTree = "<group>";
		};
/* End PBXVariantGroup section */

/* Begin XCBuildConfiguration section */
		18F591091EB36DA800A7548A /* Debug */ = {
			isa = XCBuildConfiguration;
			buildSettings = {
				ALWAYS_SEARCH_USER_PATHS = NO;
				CLANG_ANALYZER_NONNULL = YES;
				CLANG_CXX_LANGUAGE_STANDARD = "gnu++0x";
				CLANG_CXX_LIBRARY = "libc++";
				CLANG_ENABLE_MODULES = YES;
				CLANG_ENABLE_OBJC_ARC = YES;
				CLANG_WARN_BOOL_CONVERSION = YES;
				CLANG_WARN_CONSTANT_CONVERSION = YES;
				CLANG_WARN_DIRECT_OBJC_ISA_USAGE = YES_ERROR;
				CLANG_WARN_DOCUMENTATION_COMMENTS = YES;
				CLANG_WARN_EMPTY_BODY = YES;
				CLANG_WARN_ENUM_CONVERSION = YES;
				CLANG_WARN_INFINITE_RECURSION = YES;
				CLANG_WARN_INT_CONVERSION = YES;
				CLANG_WARN_OBJC_ROOT_CLASS = YES_ERROR;
				CLANG_WARN_SUSPICIOUS_MOVE = YES;
				CLANG_WARN_UNREACHABLE_CODE = YES;
				CLANG_WARN__DUPLICATE_METHOD_MATCH = YES;
				"CODE_SIGN_IDENTITY[sdk=iphoneos*]" = "iPhone Developer";
				COPY_PHASE_STRIP = NO;
				DEBUG_INFORMATION_FORMAT = dwarf;
				ENABLE_STRICT_OBJC_MSGSEND = YES;
				ENABLE_TESTABILITY = YES;
				GCC_C_LANGUAGE_STANDARD = gnu99;
				GCC_DYNAMIC_NO_PIC = NO;
				GCC_NO_COMMON_BLOCKS = YES;
				GCC_OPTIMIZATION_LEVEL = 0;
				GCC_PREPROCESSOR_DEFINITIONS = (
					"DEBUG=1",
					"$(inherited)",
				);
				GCC_WARN_64_TO_32_BIT_CONVERSION = YES;
				GCC_WARN_ABOUT_RETURN_TYPE = YES_ERROR;
				GCC_WARN_UNDECLARED_SELECTOR = YES;
				GCC_WARN_UNINITIALIZED_AUTOS = YES_AGGRESSIVE;
				GCC_WARN_UNUSED_FUNCTION = YES;
				GCC_WARN_UNUSED_VARIABLE = YES;
				IPHONEOS_DEPLOYMENT_TARGET = 10.2;
				MTL_ENABLE_DEBUG_INFO = YES;
				ONLY_ACTIVE_ARCH = YES;
				SDKROOT = iphoneos;
				SWIFT_ACTIVE_COMPILATION_CONDITIONS = DEBUG;
				SWIFT_OPTIMIZATION_LEVEL = "-Onone";
			};
			name = Debug;
		};
		18F5910A1EB36DA800A7548A /* Release */ = {
			isa = XCBuildConfiguration;
			buildSettings = {
				ALWAYS_SEARCH_USER_PATHS = NO;
				CLANG_ANALYZER_NONNULL = YES;
				CLANG_CXX_LANGUAGE_STANDARD = "gnu++0x";
				CLANG_CXX_LIBRARY = "libc++";
				CLANG_ENABLE_MODULES = YES;
				CLANG_ENABLE_OBJC_ARC = YES;
				CLANG_WARN_BOOL_CONVERSION = YES;
				CLANG_WARN_CONSTANT_CONVERSION = YES;
				CLANG_WARN_DIRECT_OBJC_ISA_USAGE = YES_ERROR;
				CLANG_WARN_DOCUMENTATION_COMMENTS = YES;
				CLANG_WARN_EMPTY_BODY = YES;
				CLANG_WARN_ENUM_CONVERSION = YES;
				CLANG_WARN_INFINITE_RECURSION = YES;
				CLANG_WARN_INT_CONVERSION = YES;
				CLANG_WARN_OBJC_ROOT_CLASS = YES_ERROR;
				CLANG_WARN_SUSPICIOUS_MOVE = YES;
				CLANG_WARN_UNREACHABLE_CODE = YES;
				CLANG_WARN__DUPLICATE_METHOD_MATCH = YES;
				"CODE_SIGN_IDENTITY[sdk=iphoneos*]" = "iPhone Developer";
				COPY_PHASE_STRIP = NO;
				DEBUG_INFORMATION_FORMAT = "dwarf-with-dsym";
				ENABLE_NS_ASSERTIONS = NO;
				ENABLE_STRICT_OBJC_MSGSEND = YES;
				GCC_C_LANGUAGE_STANDARD = gnu99;
				GCC_NO_COMMON_BLOCKS = YES;
				GCC_WARN_64_TO_32_BIT_CONVERSION = YES;
				GCC_WARN_ABOUT_RETURN_TYPE = YES_ERROR;
				GCC_WARN_UNDECLARED_SELECTOR = YES;
				GCC_WARN_UNINITIALIZED_AUTOS = YES_AGGRESSIVE;
				GCC_WARN_UNUSED_FUNCTION = YES;
				GCC_WARN_UNUSED_VARIABLE = YES;
				IPHONEOS_DEPLOYMENT_TARGET = 10.2;
				MTL_ENABLE_DEBUG_INFO = NO;
				SDKROOT = iphoneos;
				SWIFT_OPTIMIZATION_LEVEL = "-Owholemodule";
				VALIDATE_PRODUCT = YES;
			};
			name = Release;
		};
		18F5910C1EB36DA800A7548A /* Debug */ = {
			isa = XCBuildConfiguration;
			baseConfigurationReference = B40A71133EE05C9EBDBCD456 /* Pods-EarlGreyExample.debug.xcconfig */;
			buildSettings = {
				ASSETCATALOG_COMPILER_APPICON_NAME = AppIcon;
				INFOPLIST_FILE = EarlGreyExample/Info.plist;
				IPHONEOS_DEPLOYMENT_TARGET = 8.0;
				LD_RUNPATH_SEARCH_PATHS = "$(inherited) @executable_path/Frameworks";
				PRODUCT_BUNDLE_IDENTIFIER = com.coffeemeetsbagel.EarlGreyExample;
				PRODUCT_NAME = "$(TARGET_NAME)";
				SWIFT_VERSION = 3.0;
			};
			name = Debug;
		};
		18F5910D1EB36DA800A7548A /* Release */ = {
			isa = XCBuildConfiguration;
			baseConfigurationReference = 9CFBBB9077EF543F4CEDF384 /* Pods-EarlGreyExample.release.xcconfig */;
			buildSettings = {
				ASSETCATALOG_COMPILER_APPICON_NAME = AppIcon;
				INFOPLIST_FILE = EarlGreyExample/Info.plist;
				IPHONEOS_DEPLOYMENT_TARGET = 8.0;
				LD_RUNPATH_SEARCH_PATHS = "$(inherited) @executable_path/Frameworks";
				PRODUCT_BUNDLE_IDENTIFIER = com.coffeemeetsbagel.EarlGreyExample;
				PRODUCT_NAME = "$(TARGET_NAME)";
				SWIFT_VERSION = 3.0;
			};
			name = Release;
		};
		18F5910F1EB36DA800A7548A /* Debug */ = {
			isa = XCBuildConfiguration;
			buildSettings = {
				ALWAYS_EMBED_SWIFT_STANDARD_LIBRARIES = YES;
				BUNDLE_LOADER = "$(TEST_HOST)";
				INFOPLIST_FILE = EarlGreyExampleTests/Info.plist;
				IPHONEOS_DEPLOYMENT_TARGET = 8.0;
				LD_RUNPATH_SEARCH_PATHS = "$(inherited) @executable_path/Frameworks @loader_path/Frameworks";
				PRODUCT_BUNDLE_IDENTIFIER = com.coffeemeetsbagel.EarlGreyExampleTests;
				PRODUCT_NAME = "$(TARGET_NAME)";
				SWIFT_VERSION = 3.0;
				TEST_HOST = "$(BUILT_PRODUCTS_DIR)/EarlGreyExample.app/EarlGreyExample";
			};
			name = Debug;
		};
		18F591101EB36DA800A7548A /* Release */ = {
			isa = XCBuildConfiguration;
			buildSettings = {
				ALWAYS_EMBED_SWIFT_STANDARD_LIBRARIES = YES;
				BUNDLE_LOADER = "$(TEST_HOST)";
				INFOPLIST_FILE = EarlGreyExampleTests/Info.plist;
				IPHONEOS_DEPLOYMENT_TARGET = 8.0;
				LD_RUNPATH_SEARCH_PATHS = "$(inherited) @executable_path/Frameworks @loader_path/Frameworks";
				PRODUCT_BUNDLE_IDENTIFIER = com.coffeemeetsbagel.EarlGreyExampleTests;
				PRODUCT_NAME = "$(TARGET_NAME)";
				SWIFT_VERSION = 3.0;
				TEST_HOST = "$(BUILT_PRODUCTS_DIR)/EarlGreyExample.app/EarlGreyExample";
			};
			name = Release;
		};
		18F591121EB36DA800A7548A /* Debug */ = {
			isa = XCBuildConfiguration;
			buildSettings = {
				ALWAYS_EMBED_SWIFT_STANDARD_LIBRARIES = YES;
				INFOPLIST_FILE = EarlGreyExampleUITests/Info.plist;
				IPHONEOS_DEPLOYMENT_TARGET = 8.0;
				LD_RUNPATH_SEARCH_PATHS = "$(inherited) @executable_path/Frameworks @loader_path/Frameworks";
				PRODUCT_BUNDLE_IDENTIFIER = com.coffeemeetsbagel.EarlGreyExampleUITests;
				PRODUCT_NAME = "$(TARGET_NAME)";
				SWIFT_VERSION = 3.0;
				TEST_TARGET_NAME = EarlGreyExample;
			};
			name = Debug;
		};
		18F591131EB36DA800A7548A /* Release */ = {
			isa = XCBuildConfiguration;
			buildSettings = {
				ALWAYS_EMBED_SWIFT_STANDARD_LIBRARIES = YES;
				INFOPLIST_FILE = EarlGreyExampleUITests/Info.plist;
				IPHONEOS_DEPLOYMENT_TARGET = 8.0;
				LD_RUNPATH_SEARCH_PATHS = "$(inherited) @executable_path/Frameworks @loader_path/Frameworks";
				PRODUCT_BUNDLE_IDENTIFIER = com.coffeemeetsbagel.EarlGreyExampleUITests;
				PRODUCT_NAME = "$(TARGET_NAME)";
				SWIFT_VERSION = 3.0;
				TEST_TARGET_NAME = EarlGreyExample;
			};
			name = Release;
		};
/* End XCBuildConfiguration section */

/* Begin XCConfigurationList section */
		18F590DE1EB36DA500A7548A /* Build configuration list for PBXProject "EarlGreyExample" */ = {
			isa = XCConfigurationList;
			buildConfigurations = (
				18F591091EB36DA800A7548A /* Debug */,
				18F5910A1EB36DA800A7548A /* Release */,
			);
			defaultConfigurationIsVisible = 0;
			defaultConfigurationName = Release;
		};
		18F5910B1EB36DA800A7548A /* Build configuration list for PBXNativeTarget "EarlGreyExample" */ = {
			isa = XCConfigurationList;
			buildConfigurations = (
				18F5910C1EB36DA800A7548A /* Debug */,
				18F5910D1EB36DA800A7548A /* Release */,
			);
			defaultConfigurationIsVisible = 0;
			defaultConfigurationName = Release;
		};
		18F5910E1EB36DA800A7548A /* Build configuration list for PBXNativeTarget "EarlGreyExampleTests" */ = {
			isa = XCConfigurationList;
			buildConfigurations = (
				18F5910F1EB36DA800A7548A /* Debug */,
				18F591101EB36DA800A7548A /* Release */,
			);
			defaultConfigurationIsVisible = 0;
			defaultConfigurationName = Release;
		};
		18F591111EB36DA800A7548A /* Build configuration list for PBXNativeTarget "EarlGreyExampleUITests" */ = {
			isa = XCConfigurationList;
			buildConfigurations = (
				18F591121EB36DA800A7548A /* Debug */,
				18F591131EB36DA800A7548A /* Release */,
			);
			defaultConfigurationIsVisible = 0;
			defaultConfigurationName = Release;
		};
/* End XCConfigurationList section */
	};
	rootObject = 18F590DB1EB36DA500A7548A /* Project object */;
}
